
Microsoft Visual Studio Solution File, Format Version 12.00
# Visual Studio 15
VisualStudioVersion = 15.0.28010.2041
MinimumVisualStudioVersion = 10.0.40219.1
Project("{FAE04EC0-301F-11D3-BF4B-00C04F79EFBC}") = "ExpandareObstacole", "ExpandareObstacole\ExpandareObstacole.csproj", "{AD47F22C-332B-4DAD-A7E4-274FB30B44C1}"
EndProject
Global
	GlobalSection(SolutionConfigurationPlatforms) = preSolution
		Debug|Any CPU = Debug|Any CPU
		Release|Any CPU = Release|Any CPU
	EndGlobalSection
	GlobalSection(ProjectConfigurationPlatforms) = postSolution
		{AD47F22C-332B-4DAD-A7E4-274FB30B44C1}.Debug|Any CPU.ActiveCfg = Debug|Any CPU
		{AD47F22C-332B-4DAD-A7E4-274FB30B44C1}.Debug|Any CPU.Build.0 = Debug|Any CPU
		{AD47F22C-332B-4DAD-A7E4-274FB30B44C1}.Release|Any CPU.ActiveCfg = Release|Any CPU
		{AD47F22C-332B-4DAD-A7E4-274FB30B44C1}.Release|Any CPU.Build.0 = Release|Any CPU
	EndGlobalSection
	GlobalSection(SolutionProperties) = preSolution
		HideSolutionNode = FALSE
	EndGlobalSection
	GlobalSection(ExtensibilityGlobals) = postSolution
		SolutionGuid = {A85278D8-0594-4600-9E32-4E69C872A64C}
	EndGlobalSection
EndGlobal
